
Microsoft Visual Studio Solution File, Format Version 12.00
# Visual Studio Version 17
VisualStudioVersion = 17.13.35818.85 d17.13
MinimumVisualStudioVersion = 10.0.40219.1
Project("{FAE04EC0-301F-11D3-BF4B-00C04F79EFBC}") = "Motos", "Motos\Motos.csproj", "{BD5CFCB5-C342-4E4E-8D1E-8E29B77B9D33}"
EndProject
Global
	GlobalSection(SolutionConfigurationPlatforms) = preSolution
		Debug|Any CPU = Debug|Any CPU
		Release|Any CPU = Release|Any CPU
	EndGlobalSection
	GlobalSection(ProjectConfigurationPlatforms) = postSolution
		{BD5CFCB5-C342-4E4E-8D1E-8E29B77B9D33}.Debug|Any CPU.ActiveCfg = Debug|Any CPU
		{BD5CFCB5-C342-4E4E-8D1E-8E29B77B9D33}.Debug|Any CPU.Build.0 = Debug|Any CPU
		{BD5CFCB5-C342-4E4E-8D1E-8E29B77B9D33}.Release|Any CPU.ActiveCfg = Release|Any CPU
		{BD5CFCB5-C342-4E4E-8D1E-8E29B77B9D33}.Release|Any CPU.Build.0 = Release|Any CPU
	EndGlobalSection
	GlobalSection(SolutionProperties) = preSolution
		HideSolutionNode = FALSE
	EndGlobalSection
	GlobalSection(ExtensibilityGlobals) = postSolution
		SolutionGuid = {12FC4606-5F30-41BA-9959-41D26C8A411F}
	EndGlobalSection
EndGlobal
